{
  "name": "sample-npm",
  "version": "1.0.0",
  "lockfileVersion": 1,
  "requires": true,
  "dependencies": {
    "@babel/runtime": {
      "version": "7.11.2",
      "resolved": "https://registry.npmjs.org/@babel/runtime/-/runtime-7.11.2.tgz",
      "integrity": "sha512-TeWkU52so0mPtDcaCTxNBI/IHiz0pZgr8VEFqXFtZWpYD08ZB6FaSwVAS8MKRQAP3bYKiVjwysOJgMFY28o6Tw==",
      "requires": {
        "regenerator-runtime": "^0.13.4"
      }
    },
    "@babel/runtime-corejs3": {
      "version": "7.11.2",
      "resolved": "https://registry.npmjs.org/@babel/runtime-corejs3/-/runtime-corejs3-7.11.2.tgz",
      "integrity": "sha512-qh5IR+8VgFz83VBa6OkaET6uN/mJOhHONuy3m1sgF0CV6mXdPSEBdA7e1eUbVvyNtANjMbg22JUv71BaDXLY6A==",
      "requires": {
        "core-js-pure": "^3.0.0",
        "regenerator-runtime": "^0.13.4"
      }
    },
    "babel-polyfill": {
      "version": "6.26.0",
      "resolved": "https://registry.npmjs.org/babel-polyfill/-/babel-polyfill-6.26.0.tgz",
      "integrity": "sha1-N5k3q8Z9eJWXCtxiHyhM2WbPIVM=",
      "requires": {
        "babel-runtime": "^6.26.0",
        "core-js": "^2.5.0",
        "regenerator-runtime": "^0.10.5"
      },
      "dependencies": {
        "regenerator-runtime": {
          "version": "0.10.5",
          "resolved": "https://registry.npmjs.org/regenerator-runtime/-/regenerator-runtime-0.10.5.tgz",
          "integrity": "sha1-M2w+/BIgrc7dosn6tntaeVWjNlg="
        }
      }
    },
    "babel-runtime": {
      "version": "6.26.0",
      "resolved": "https://registry.npmjs.org/babel-runtime/-/babel-runtime-6.26.0.tgz",
      "integrity": "sha1-llxwWGaOgrVde/4E/yM3vItWR/4=",
      "requires": {
        "core-js": "^2.4.0",
        "regenerator-runtime": "^0.11.0"
      },
      "dependencies": {
        "regenerator-runtime": {
          "version": "0.11.1",
          "resolved": "https://registry.npmjs.org/regenerator-runtime/-/regenerator-runtime-0.11.1.tgz",
          "integrity": "sha512-MguG95oij0fC3QV3URf4V2SDYGJhJnJGqvIIgdECeODCT98wSWDAJ94SSuVpYQUoTcGUIL6L4yNB7j1DFFHSBg=="
        }
      }
    },
    "bootstrap": {
      "version": "4.5.2",
      "resolved": "https://registry.npmjs.org/bootstrap/-/bootstrap-4.5.2.tgz",
      "integrity": "sha512-vlGn0bcySYl/iV+BGA544JkkZP5LB3jsmkeKLFQakCOwCM3AOk7VkldBz4jrzSe+Z0Ezn99NVXa1o45cQY4R6A=="
    },
    "chickenjs": {
      "version": "1.1.0",
      "resolved": "https://registry.npmjs.org/chickenjs/-/chickenjs-1.1.0.tgz",
      "integrity": "sha512-/Zpzvd2ES2DxFhAPzRABLq/P8Xe8gzCIlrsKnqZ0va+/EmHaVkqRSS+WQF+676kWrnQZYikdc/zrsTecsUr0gQ==",
      "requires": {
        "filesize.js": "^1.0.2",
        "handlebars": "^4.0.5",
        "history": "^4.7",
        "htmlbars": "^0.14.24",
        "htmlbars-standalone": "0.0.7",
        "inflection": "^1.10.0",
        "jquery": "^3.3.1",
        "moment": "^2.22.2",
        "query-string": "^4.2.3",
        "underscore": "^1.8.3",
        "underscore.string": "^3.3.4",
        "uuid-lib": "0.0.6",
        "xregexp": "^4.2.0"
      }
    },
    "core-js": {
      "version": "2.6.11",
      "resolved": "https://registry.npmjs.org/core-js/-/core-js-2.6.11.tgz",
      "integrity": "sha512-5wjnpaT/3dV+XB4borEsnAYQchn00XSgTAWKDkEqv+K8KevjbzmofK6hfJ9TZIlpj2N0xQpazy7PiRQiWHqzWg=="
    },
    "core-js-pure": {
      "version": "3.6.5",
      "resolved": "https://registry.npmjs.org/core-js-pure/-/core-js-pure-3.6.5.tgz",
      "integrity": "sha512-lacdXOimsiD0QyNf9BC/mxivNJ/ybBGJXQFKzRekp1WTHoVUWsUHEn+2T8GJAzzIhyOuXA+gOxCVN3l+5PLPUA=="
    },
    "filesize.js": {
      "version": "1.0.2",
      "resolved": "https://registry.npmjs.org/filesize.js/-/filesize.js-1.0.2.tgz",
      "integrity": "sha1-k0wBM5WnGASHXPEebx/+IRw/IZI="
    },
    "handlebars": {
      "version": "4.7.6",
      "resolved": "https://registry.npmjs.org/handlebars/-/handlebars-4.7.6.tgz",
      "integrity": "sha512-1f2BACcBfiwAfStCKZNrUCgqNZkGsAT7UM3kkYtXuLo0KnaVfjKOyf7PRzB6++aK9STyT1Pd2ZCPe3EGOXleXA==",
      "requires": {
        "minimist": "^1.2.5",
        "neo-async": "^2.6.0",
        "source-map": "^0.6.1",
        "uglify-js": "^3.1.4",
        "wordwrap": "^1.0.0"
      }
    },
    "history": {
      "version": "4.10.1",
      "resolved": "https://registry.npmjs.org/history/-/history-4.10.1.tgz",
      "integrity": "sha512-36nwAD620w12kuzPAsyINPWJqlNbij+hpK1k9XRloDtym8mxzGYl2c17LnV6IAGB2Dmg4tEa7G7DlawS0+qjew==",
      "requires": {
        "@babel/runtime": "^7.1.2",
        "loose-envify": "^1.2.0",
        "resolve-pathname": "^3.0.0",
        "tiny-invariant": "^1.0.2",
        "tiny-warning": "^1.0.0",
        "value-equal": "^1.0.1"
      }
    },
    "htmlbars": {
      "version": "0.14.24",
      "resolved": "https://registry.npmjs.org/htmlbars/-/htmlbars-0.14.24.tgz",
      "integrity": "sha1-hY4f95XT+GWdy/exHiuEXWWl1qs="
    },
    "htmlbars-standalone": {
      "version": "0.0.7",
      "resolved": "https://registry.npmjs.org/htmlbars-standalone/-/htmlbars-standalone-0.0.7.tgz",
      "integrity": "sha512-vlCZsg6QLvt2UnQbErFZc5YltrV9ro9drh+U+UIEhOM4zL6JxqrETbwZvei1joy/ZRYJ5piHDrh+guh9iAKufQ==",
      "requires": {
        "babel-polyfill": "^6.13.0"
      }
    },
    "inflection": {
      "version": "1.12.0",
      "resolved": "https://registry.npmjs.org/inflection/-/inflection-1.12.0.tgz",
      "integrity": "sha1-ogCTVlbW9fa8TcdQLhrstwMihBY="
    },
    "jquery": {
      "version": "3.5.1",
      "resolved": "https://registry.npmjs.org/jquery/-/jquery-3.5.1.tgz",
      "integrity": "sha512-XwIBPqcMn57FxfT+Go5pzySnm4KWkT1Tv7gjrpT1srtf8Weynl6R273VJ5GjkRb51IzMp5nbaPjJXMWeju2MKg=="
    },
    "js-tokens": {
      "version": "4.0.0",
      "resolved": "https://registry.npmjs.org/js-tokens/-/js-tokens-4.0.0.tgz",
      "integrity": "sha512-RdJUflcE3cUzKiMqQgsCu06FPu9UdIJO0beYbPhHN4k6apgJtifcoCtT9bcxOpYBtpD2kCM6Sbzg4CausW/PKQ=="
    },
    "loose-envify": {
      "version": "1.4.0",
      "resolved": "https://registry.npmjs.org/loose-envify/-/loose-envify-1.4.0.tgz",
      "integrity": "sha512-lyuxPGr/Wfhrlem2CL/UcnUc1zcqKAImBDzukY7Y5F/yQiNdko6+fRLevlw1HgMySw7f611UIY408EtxRSoK3Q==",
      "requires": {
        "js-tokens": "^3.0.0 || ^4.0.0"
      }
    },
    "minimist": {
      "version": "1.2.5",
      "resolved": "https://registry.npmjs.org/minimist/-/minimist-1.2.5.tgz",
      "integrity": "sha512-FM9nNUYrRBAELZQT3xeZQ7fmMOBg6nWNmJKTcgsJeaLstP/UODVpGsr5OhXhhXg6f+qtJ8uiZ+PUxkDWcgIXLw=="
    },
    "moment": {
      "version": "2.27.0",
      "resolved": "https://registry.npmjs.org/moment/-/moment-2.27.0.tgz",
      "integrity": "sha512-al0MUK7cpIcglMv3YF13qSgdAIqxHTO7brRtaz3DlSULbqfazqkc5kEjNrLDOM7fsjshoFIihnU8snrP7zUvhQ=="
    },
    "neo-async": {
      "version": "2.6.2",
      "resolved": "https://registry.npmjs.org/neo-async/-/neo-async-2.6.2.tgz",
      "integrity": "sha512-Yd3UES5mWCSqR+qNT93S3UoYUkqAZ9lLg8a7g9rimsWmYGK8cVToA4/sF3RrshdyV3sAGMXVUmpMYOw+dLpOuw=="
    },
    "object-assign": {
      "version": "4.1.1",
      "resolved": "https://registry.npmjs.org/object-assign/-/object-assign-4.1.1.tgz",
      "integrity": "sha1-IQmtx5ZYh8/AXLvUQsrIv7s2CGM="
    },
    "query-string": {
      "version": "4.3.4",
      "resolved": "https://registry.npmjs.org/query-string/-/query-string-4.3.4.tgz",
      "integrity": "sha1-u7aTucqRXCMlFbIosaArYJBD2+s=",
      "requires": {
        "object-assign": "^4.1.0",
        "strict-uri-encode": "^1.0.0"
      }
    },
    "regenerator-runtime": {
      "version": "0.13.7",
      "resolved": "https://registry.npmjs.org/regenerator-runtime/-/regenerator-runtime-0.13.7.tgz",
      "integrity": "sha512-a54FxoJDIr27pgf7IgeQGxmqUNYrcV338lf/6gH456HZ/PhX+5BcwHXG9ajESmwe6WRO0tAzRUrRmNONWgkrew=="
    },
    "resolve-pathname": {
      "version": "3.0.0",
      "resolved": "https://registry.npmjs.org/resolve-pathname/-/resolve-pathname-3.0.0.tgz",
      "integrity": "sha512-C7rARubxI8bXFNB/hqcp/4iUeIXJhJZvFPFPiSPRnhU5UPxzMFIl+2E6yY6c4k9giDJAhtV+enfA+G89N6Csng=="
    },
    "source-map": {
      "version": "0.6.1",
      "resolved": "https://registry.npmjs.org/source-map/-/source-map-0.6.1.tgz",
      "integrity": "sha512-UjgapumWlbMhkBgzT7Ykc5YXUT46F0iKu8SGXq0bcwP5dz/h0Plj6enJqjz1Zbq2l5WaqYnrVbwWOWMyF3F47g=="
    },
    "sprintf-js": {
      "version": "1.1.2",
      "resolved": "https://registry.npmjs.org/sprintf-js/-/sprintf-js-1.1.2.tgz",
      "integrity": "sha512-VE0SOVEHCk7Qc8ulkWw3ntAzXuqf7S2lvwQaDLRnUeIEaKNQJzV6BwmLKhOqT61aGhfUMrXeaBk+oDGCzvhcug=="
    },
    "strict-uri-encode": {
      "version": "1.1.0",
      "resolved": "https://registry.npmjs.org/strict-uri-encode/-/strict-uri-encode-1.1.0.tgz",
      "integrity": "sha1-J5siXfHVgrH1TmWt3UNS4Y+qBxM="
    },
    "tiny-invariant": {
      "version": "1.1.0",
      "resolved": "https://registry.npmjs.org/tiny-invariant/-/tiny-invariant-1.1.0.tgz",
      "integrity": "sha512-ytxQvrb1cPc9WBEI/HSeYYoGD0kWnGEOR8RY6KomWLBVhqz0RgTwVO9dLrGz7dC+nN9llyI7OKAgRq8Vq4ZBSw=="
    },
    "tiny-warning": {
      "version": "1.0.3",
      "resolved": "https://registry.npmjs.org/tiny-warning/-/tiny-warning-1.0.3.tgz",
      "integrity": "sha512-lBN9zLN/oAf68o3zNXYrdCt1kP8WsiGW8Oo2ka41b2IM5JL/S1CTyX1rW0mb/zSuJun0ZUrDxx4sqvYS2FWzPA=="
    },
    "uglify-js": {
      "version": "3.10.2",
      "resolved": "https://registry.npmjs.org/uglify-js/-/uglify-js-3.10.2.tgz",
      "integrity": "sha512-GXCYNwqoo0MbLARghYjxVBxDCnU0tLqN7IPLdHHbibCb1NI5zBkU2EPcy/GaVxc0BtTjqyGXJCINe6JMR2Dpow==",
      "optional": true
    },
    "underscore": {
      "version": "1.10.2",
      "resolved": "https://registry.npmjs.org/underscore/-/underscore-1.10.2.tgz",
      "integrity": "sha512-N4P+Q/BuyuEKFJ43B9gYuOj4TQUHXX+j2FqguVOpjkssLUUrnJofCcBccJSCoeturDoZU6GorDTHSvUDlSQbTg=="
    },
    "underscore.string": {
      "version": "3.3.5",
      "resolved": "https://registry.npmjs.org/underscore.string/-/underscore.string-3.3.5.tgz",
      "integrity": "sha512-g+dpmgn+XBneLmXXo+sGlW5xQEt4ErkS3mgeN2GFbremYeMBSJKr9Wf2KJplQVaiPY/f7FN6atosWYNm9ovrYg==",
      "requires": {
        "sprintf-js": "^1.0.3",
        "util-deprecate": "^1.0.2"
      }
    },
    "util-deprecate": {
      "version": "1.0.2",
      "resolved": "https://registry.npmjs.org/util-deprecate/-/util-deprecate-1.0.2.tgz",
      "integrity": "sha1-RQ1Nyfpw3nMnYvvS1KKJgUGaDM8="
    },
    "uuid-lib": {
      "version": "0.0.6",
      "resolved": "https://registry.npmjs.org/uuid-lib/-/uuid-lib@0.0.6.tgz",
      "integrity": "sha1-HiAxptp6tpR0uCcDaPDsuMaarB0="
    },
    "value-equal": {
      "version": "1.0.1",
      "resolved": "https://registry.npmjs.org/value-equal/-/value-equal-1.0.1.tgz",
      "integrity": "sha512-NOJ6JZCAWr0zlxZt+xqCHNTEKOsrks2HQd4MqhP1qy4z1SkbEP467eNx6TgDKXMvUOb+OENfJCZwM+16n7fRfw=="
    },
    "wordwrap": {
      "version": "1.0.0",
      "resolved": "https://registry.npmjs.org/wordwrap/-/wordwrap-1.0.0.tgz",
      "integrity": "sha1-J1hIEIkUVqQXHI0CJkQa3pDLyus="
    },
    "xregexp": {
      "version": "4.3.0",
      "resolved": "https://registry.npmjs.org/xregexp/-/xregexp-4.3.0.tgz",
      "integrity": "sha512-7jXDIFXh5yJ/orPn4SXjuVrWWoi4Cr8jfV1eHv9CixKSbU+jY4mxfrBwAuDvupPNKpMUY+FeIqsVw/JLT9+B8g==",
      "requires": {
        "@babel/runtime-corejs3": "^7.8.3"
      }
    }
  }
}
